<?xml version="1.0" encoding="utf-8"?>
<Project ToolsVersion="4.0" xmlns="http://schemas.microsoft.com/developer/msbuild/2003">
  <ItemGroup>
    <Filter Include="Pliki źródłowe">
      <UniqueIdentifier>{4FC737F1-C7A5-4376-A066-2A32D752A2FF}</UniqueIdentifier>
      <Extensions>cpp;c;cc;cxx;c++;cppm;ixx;def;odl;idl;hpj;bat;asm;asmx</Extensions>
    </Filter>
    <Filter Include="Pliki nagłówkowe">
      <UniqueIdentifier>{93995380-89BD-4b04-88EB-625FBE52EBFB}</UniqueIdentifier>
      <Extensions>h;hh;hpp;hxx;h++;hm;inl;inc;ipp;xsd</Extensions>
    </Filter>
    <Filter Include="Pliki zasobów">
      <UniqueIdentifier>{67DA6AB6-F800-4c08-8B7A-83BB121AAD01}</UniqueIdentifier>
      <Extensions>rc;ico;cur;bmp;dlg;rc2;rct;bin;rgs;gif;jpg;jpeg;jpe;resx;tiff;tif;png;wav;mfcribbon-ms</Extensions>
    </Filter>
    <Filter Include="Pliki nagłówkowe\Array">
      <UniqueIdentifier>{2e438a30-a5d8-437d-b2da-ca025243de41}</UniqueIdentifier>
    </Filter>
    <Filter Include="Pliki źródłowe\Array">
      <UniqueIdentifier>{09fce8fb-7ea1-43d7-b4db-4df5d1f760b3}</UniqueIdentifier>
    </Filter>
    <Filter Include="Pliki nagłówkowe\LinkedList">
      <UniqueIdentifier>{96c1025c-9f11-402e-8d9b-09e5ff722ca6}</UniqueIdentifier>
    </Filter>
    <Filter Include="Pliki źródłowe\LinkedList">
      <UniqueIdentifier>{d7262e1e-2f69-4051-b3d5-3701d260a81d}</UniqueIdentifier>
    </Filter>
    <Filter Include="Pliki nagłówkowe\Stack">
      <UniqueIdentifier>{e964f94e-4cb1-4828-9bc0-b3261a70af54}</UniqueIdentifier>
    </Filter>
    <Filter Include="Pliki nagłówkowe\Queue">
      <UniqueIdentifier>{c522b109-b96f-4369-9200-e6940ed88c20}</UniqueIdentifier>
    </Filter>
    <Filter Include="Pliki źródłowe\Stack">
      <UniqueIdentifier>{d1fe3f15-6fe9-4816-b164-0f480a9c20d1}</UniqueIdentifier>
    </Filter>
    <Filter Include="Pliki nagłówkowe\Sorting Algorithms">
      <UniqueIdentifier>{7bc6662f-1360-40b3-8a29-b4fff59683a6}</UniqueIdentifier>
    </Filter>
    <Filter Include="Pliki nagłówkowe\Search Algorithms">
      <UniqueIdentifier>{2bee73bb-5c6f-4c65-bdd9-66e7f77d883c}</UniqueIdentifier>
    </Filter>
    <Filter Include="Pliki źródłowe\Queue">
      <UniqueIdentifier>{55ceac64-c945-4296-b087-7bb202b4d41a}</UniqueIdentifier>
    </Filter>
    <Filter Include="Pliki nagłówkowe\Hash Table">
      <UniqueIdentifier>{e38f543b-ee64-4095-95a8-d71b50f6e6bf}</UniqueIdentifier>
    </Filter>
    <Filter Include="Pliki źródłowe\Hash Table">
      <UniqueIdentifier>{b13eff15-45ec-419e-bdbb-94b75361742b}</UniqueIdentifier>
    </Filter>
  </ItemGroup>
  <ItemGroup>
    <ClCompile Include="main.cpp">
      <Filter>Pliki źródłowe</Filter>
    </ClCompile>
    <ClCompile Include="array.cpp">
      <Filter>Pliki źródłowe\Array</Filter>
    </ClCompile>
    <ClCompile Include="arrayMalloc.cpp">
      <Filter>Pliki źródłowe\Array</Filter>
    </ClCompile>
    <ClCompile Include="linkedList.cpp">
      <Filter>Pliki źródłowe\LinkedList</Filter>
    </ClCompile>
    <ClCompile Include="stackLinkedList.cpp">
      <Filter>Pliki źródłowe\Stack</Filter>
    </ClCompile>
    <ClCompile Include="stackArray.cpp">
      <Filter>Pliki źródłowe\Stack</Filter>
    </ClCompile>
    <ClCompile Include="stackLinkedL.h">
      <Filter>Pliki nagłówkowe\Stack</Filter>
    </ClCompile>
    <ClCompile Include="queueArray.cpp">
      <Filter>Pliki źródłowe\Queue</Filter>
    </ClCompile>
    <ClCompile Include="queueLL.cpp">
      <Filter>Pliki źródłowe\LinkedList</Filter>
    </ClCompile>
    <ClCompile Include="hashTableChaining.cpp">
      <Filter>Pliki źródłowe\Hash Table</Filter>
    </ClCompile>
    <ClCompile Include="hashTableLinear.cpp">
      <Filter>Pliki źródłowe\Hash Table</Filter>
    </ClCompile>
    <ClCompile Include="hashTableQuadric.cpp">
      <Filter>Pliki źródłowe</Filter>
    </ClCompile>
  </ItemGroup>
  <ItemGroup>
    <ClInclude Include="arrayMalloc.h">
      <Filter>Pliki nagłówkowe\Array</Filter>
    </ClInclude>
    <ClInclude Include="array.h">
      <Filter>Pliki nagłówkowe\Array</Filter>
    </ClInclude>
    <ClInclude Include="linkedList.h">
      <Filter>Pliki nagłówkowe\LinkedList</Filter>
    </ClInclude>
    <ClInclude Include="LinkedList - instructions.txt">
      <Filter>Pliki nagłówkowe\LinkedList</Filter>
    </ClInclude>
    <ClInclude Include="stackA.h">
      <Filter>Pliki nagłówkowe\Stack</Filter>
    </ClInclude>
    <ClInclude Include="queueArray.h">
      <Filter>Pliki nagłówkowe\Queue</Filter>
    </ClInclude>
    <ClInclude Include="queueLL.h">
      <Filter>Pliki nagłówkowe\Queue</Filter>
    </ClInclude>
    <ClInclude Include="Node.h">
      <Filter>Pliki nagłówkowe</Filter>
    </ClInclude>
    <ClInclude Include="hashTableChaining.h">
      <Filter>Pliki nagłówkowe\Hash Table</Filter>
    </ClInclude>
    <ClInclude Include="hashTableLinear.h">
      <Filter>Pliki nagłówkowe\Hash Table</Filter>
    </ClInclude>
    <ClInclude Include="hashTableQuadric.h">
      <Filter>Pliki nagłówkowe\Hash Table</Filter>
    </ClInclude>
  </ItemGroup>
  <ItemGroup>
    <Text Include="Array - instructions.txt">
      <Filter>Pliki nagłówkowe\Array</Filter>
    </Text>
  </ItemGroup>
</Project>